schema: '2.0'
stages:
  download_data:
    cmd: Rscript R/download.R
    deps:
    - path: R/download.R
      md5: 96a8bc028efd185346cb4e478c14904c
      size: 718
    outs:
    - path: cache/download
      md5: 51a89f1f2ce727e73f432c977e610ba1.dir
      size: 2965597594
      nfiles: 19
  unzip_data:
    cmd: sh Shell/unzip.sh
    deps:
    - path: Shell/unzip.sh
      md5: 5b95b85601cab9f47fc01fe58e65e54d
      size: 173
    - path: cache/download
      md5: 51a89f1f2ce727e73f432c977e610ba1.dir
      size: 2965597594
      nfiles: 19
    outs:
    - path: cache/unzip
      md5: ca5e4db76406aa539c76316404117c83.dir
      size: 21805133712
      nfiles: 130
  build_brick:
    cmd: Rscript R/build.R
    deps:
    - path: R/build.R
      md5: 6e756566109273d55743c49963814022
      size: 1353
    - path: cache/unzip
      md5: ca5e4db76406aa539c76316404117c83.dir
      size: 21805133712
      nfiles: 130
    outs:
    - path: data/
      md5: b29c23e024c1a3df1b6d3a95ab15bee1.dir
      size: 4626941861
      nfiles: 108
