schema: '2.0'
stages:
  download_data:
    cmd: Rscript stages/01_download.R
    deps:
    - path: checksum
      hash: md5
      md5: 393db31ad8ff857a3b922644b7bfe182.dir
      size: 9912
      nfiles: 1
    - path: stages/01_download.R
      hash: md5
      md5: d408550fd58fb804985df95c0f7b7313
      size: 735
    outs:
    - path: cache/download
      hash: md5
      md5: c6d8d7b240971dbdc9add28657156f7f.dir
      size: 2986334811
      nfiles: 19
  unzip_data:
    cmd: sh stages/02_unzip.sh
    deps:
    - path: cache/download
      hash: md5
      md5: c6d8d7b240971dbdc9add28657156f7f.dir
      size: 2986334811
      nfiles: 19
    - path: stages/02_unzip.sh
      hash: md5
      md5: 5b95b85601cab9f47fc01fe58e65e54d
      size: 173
    outs:
    - path: cache/unzip
      hash: md5
      md5: 34906d361d18fff7b01dc2e4d448cbb6.dir
      size: 22024040507
      nfiles: 130
  build_brick:
    cmd: Rscript stages/03_build.R
    deps:
    - path: cache/unzip
      hash: md5
      md5: 34906d361d18fff7b01dc2e4d448cbb6.dir
      size: 22024040507
      nfiles: 130
    - path: stages/03_build.R
      hash: md5
      md5: bee9fe7a35292bdb960ccb86596325d6
      size: 1355
    outs:
    - path: brick/
      hash: md5
      md5: de007fc87f3faae0cb2bb1e7748275cc.dir
      size: 4645817207
      nfiles: 108
  invalidate:
    cmd: stages/00_invalidate.sh
    deps:
    - path: stages/00_invalidate.sh
      hash: md5
      md5: e446d0cbcbabb61739792516b2095752
      size: 478
    outs:
    - path: checksum
      hash: md5
      md5: 393db31ad8ff857a3b922644b7bfe182.dir
      size: 9912
      nfiles: 1
